
Microsoft Visual Studio Solution File, Format Version 12.00
# Visual Studio Version 16
VisualStudioVersion = 16.0.30114.105
MinimumVisualStudioVersion = 10.0.40219.1
Project("{FAE04EC0-301F-11D3-BF4B-00C04F79EFBC}") = "ProEventos.Application", "ProEventos.Application\ProEventos.Application.csproj", "{C14A002F-1AEE-467A-BF70-1516A7720DCA}"
EndProject
Project("{FAE04EC0-301F-11D3-BF4B-00C04F79EFBC}") = "ProEventos.Domain", "ProEventos.Domain\ProEventos.Domain.csproj", "{86E98B8B-B0F4-4596-B139-8DEBBCC0D98E}"
EndProject
Project("{FAE04EC0-301F-11D3-BF4B-00C04F79EFBC}") = "ProEventos.API", "ProEventos.Api\ProEventos.API.csproj", "{EFF300B8-8CB6-43F9-B510-B4CD5FE6E8AA}"
EndProject
Project("{FAE04EC0-301F-11D3-BF4B-00C04F79EFBC}") = "ProEventos.Persistence", "ProEventos.Persistence\ProEventos.Persistence.csproj", "{E8ECEC12-E1D1-47F0-8318-3B3D1126D80F}"
EndProject
Global
	GlobalSection(SolutionConfigurationPlatforms) = preSolution
		Debug|Any CPU = Debug|Any CPU
		Debug|x64 = Debug|x64
		Debug|x86 = Debug|x86
		Release|Any CPU = Release|Any CPU
		Release|x64 = Release|x64
		Release|x86 = Release|x86
	EndGlobalSection
	GlobalSection(SolutionProperties) = preSolution
		HideSolutionNode = FALSE
	EndGlobalSection
	GlobalSection(ProjectConfigurationPlatforms) = postSolution
		{C14A002F-1AEE-467A-BF70-1516A7720DCA}.Debug|Any CPU.ActiveCfg = Debug|Any CPU
		{C14A002F-1AEE-467A-BF70-1516A7720DCA}.Debug|Any CPU.Build.0 = Debug|Any CPU
		{C14A002F-1AEE-467A-BF70-1516A7720DCA}.Debug|x64.ActiveCfg = Debug|Any CPU
		{C14A002F-1AEE-467A-BF70-1516A7720DCA}.Debug|x64.Build.0 = Debug|Any CPU
		{C14A002F-1AEE-467A-BF70-1516A7720DCA}.Debug|x86.ActiveCfg = Debug|Any CPU
		{C14A002F-1AEE-467A-BF70-1516A7720DCA}.Debug|x86.Build.0 = Debug|Any CPU
		{C14A002F-1AEE-467A-BF70-1516A7720DCA}.Release|Any CPU.ActiveCfg = Release|Any CPU
		{C14A002F-1AEE-467A-BF70-1516A7720DCA}.Release|Any CPU.Build.0 = Release|Any CPU
		{C14A002F-1AEE-467A-BF70-1516A7720DCA}.Release|x64.ActiveCfg = Release|Any CPU
		{C14A002F-1AEE-467A-BF70-1516A7720DCA}.Release|x64.Build.0 = Release|Any CPU
		{C14A002F-1AEE-467A-BF70-1516A7720DCA}.Release|x86.ActiveCfg = Release|Any CPU
		{C14A002F-1AEE-467A-BF70-1516A7720DCA}.Release|x86.Build.0 = Release|Any CPU
		{86E98B8B-B0F4-4596-B139-8DEBBCC0D98E}.Debug|Any CPU.ActiveCfg = Debug|Any CPU
		{86E98B8B-B0F4-4596-B139-8DEBBCC0D98E}.Debug|Any CPU.Build.0 = Debug|Any CPU
		{86E98B8B-B0F4-4596-B139-8DEBBCC0D98E}.Debug|x64.ActiveCfg = Debug|Any CPU
		{86E98B8B-B0F4-4596-B139-8DEBBCC0D98E}.Debug|x64.Build.0 = Debug|Any CPU
		{86E98B8B-B0F4-4596-B139-8DEBBCC0D98E}.Debug|x86.ActiveCfg = Debug|Any CPU
		{86E98B8B-B0F4-4596-B139-8DEBBCC0D98E}.Debug|x86.Build.0 = Debug|Any CPU
		{86E98B8B-B0F4-4596-B139-8DEBBCC0D98E}.Release|Any CPU.ActiveCfg = Release|Any CPU
		{86E98B8B-B0F4-4596-B139-8DEBBCC0D98E}.Release|Any CPU.Build.0 = Release|Any CPU
		{86E98B8B-B0F4-4596-B139-8DEBBCC0D98E}.Release|x64.ActiveCfg = Release|Any CPU
		{86E98B8B-B0F4-4596-B139-8DEBBCC0D98E}.Release|x64.Build.0 = Release|Any CPU
		{86E98B8B-B0F4-4596-B139-8DEBBCC0D98E}.Release|x86.ActiveCfg = Release|Any CPU
		{86E98B8B-B0F4-4596-B139-8DEBBCC0D98E}.Release|x86.Build.0 = Release|Any CPU
		{EFF300B8-8CB6-43F9-B510-B4CD5FE6E8AA}.Debug|Any CPU.ActiveCfg = Debug|Any CPU
		{EFF300B8-8CB6-43F9-B510-B4CD5FE6E8AA}.Debug|Any CPU.Build.0 = Debug|Any CPU
		{EFF300B8-8CB6-43F9-B510-B4CD5FE6E8AA}.Debug|x64.ActiveCfg = Debug|Any CPU
		{EFF300B8-8CB6-43F9-B510-B4CD5FE6E8AA}.Debug|x64.Build.0 = Debug|Any CPU
		{EFF300B8-8CB6-43F9-B510-B4CD5FE6E8AA}.Debug|x86.ActiveCfg = Debug|Any CPU
		{EFF300B8-8CB6-43F9-B510-B4CD5FE6E8AA}.Debug|x86.Build.0 = Debug|Any CPU
		{EFF300B8-8CB6-43F9-B510-B4CD5FE6E8AA}.Release|Any CPU.ActiveCfg = Release|Any CPU
		{EFF300B8-8CB6-43F9-B510-B4CD5FE6E8AA}.Release|Any CPU.Build.0 = Release|Any CPU
		{EFF300B8-8CB6-43F9-B510-B4CD5FE6E8AA}.Release|x64.ActiveCfg = Release|Any CPU
		{EFF300B8-8CB6-43F9-B510-B4CD5FE6E8AA}.Release|x64.Build.0 = Release|Any CPU
		{EFF300B8-8CB6-43F9-B510-B4CD5FE6E8AA}.Release|x86.ActiveCfg = Release|Any CPU
		{EFF300B8-8CB6-43F9-B510-B4CD5FE6E8AA}.Release|x86.Build.0 = Release|Any CPU
		{E8ECEC12-E1D1-47F0-8318-3B3D1126D80F}.Debug|Any CPU.ActiveCfg = Debug|Any CPU
		{E8ECEC12-E1D1-47F0-8318-3B3D1126D80F}.Debug|Any CPU.Build.0 = Debug|Any CPU
		{E8ECEC12-E1D1-47F0-8318-3B3D1126D80F}.Debug|x64.ActiveCfg = Debug|Any CPU
		{E8ECEC12-E1D1-47F0-8318-3B3D1126D80F}.Debug|x64.Build.0 = Debug|Any CPU
		{E8ECEC12-E1D1-47F0-8318-3B3D1126D80F}.Debug|x86.ActiveCfg = Debug|Any CPU
		{E8ECEC12-E1D1-47F0-8318-3B3D1126D80F}.Debug|x86.Build.0 = Debug|Any CPU
		{E8ECEC12-E1D1-47F0-8318-3B3D1126D80F}.Release|Any CPU.ActiveCfg = Release|Any CPU
		{E8ECEC12-E1D1-47F0-8318-3B3D1126D80F}.Release|Any CPU.Build.0 = Release|Any CPU
		{E8ECEC12-E1D1-47F0-8318-3B3D1126D80F}.Release|x64.ActiveCfg = Release|Any CPU
		{E8ECEC12-E1D1-47F0-8318-3B3D1126D80F}.Release|x64.Build.0 = Release|Any CPU
		{E8ECEC12-E1D1-47F0-8318-3B3D1126D80F}.Release|x86.ActiveCfg = Release|Any CPU
		{E8ECEC12-E1D1-47F0-8318-3B3D1126D80F}.Release|x86.Build.0 = Release|Any CPU
	EndGlobalSection
EndGlobal
